
Microsoft Visual Studio Solution File, Format Version 12.00
# Visual Studio Version 16
VisualStudioVersion = 16.0.30503.244
MinimumVisualStudioVersion = 10.0.40219.1
Project("{FAE04EC0-301F-11D3-BF4B-00C04F79EFBC}") = "MethodsOverload", "MethodsOverload\MethodsOverload.csproj", "{DEDBB730-E3FE-4A70-8367-FBD820390768}"
EndProject
Global
	GlobalSection(SolutionConfigurationPlatforms) = preSolution
		Debug|Any CPU = Debug|Any CPU
		Release|Any CPU = Release|Any CPU
	EndGlobalSection
	GlobalSection(ProjectConfigurationPlatforms) = postSolution
		{DEDBB730-E3FE-4A70-8367-FBD820390768}.Debug|Any CPU.ActiveCfg = Debug|Any CPU
		{DEDBB730-E3FE-4A70-8367-FBD820390768}.Debug|Any CPU.Build.0 = Debug|Any CPU
		{DEDBB730-E3FE-4A70-8367-FBD820390768}.Release|Any CPU.ActiveCfg = Release|Any CPU
		{DEDBB730-E3FE-4A70-8367-FBD820390768}.Release|Any CPU.Build.0 = Release|Any CPU
	EndGlobalSection
	GlobalSection(SolutionProperties) = preSolution
		HideSolutionNode = FALSE
	EndGlobalSection
	GlobalSection(ExtensibilityGlobals) = postSolution
		SolutionGuid = {056FE592-33C9-424B-AFA3-B97A6717FE43}
	EndGlobalSection
EndGlobal
